
Microsoft Visual Studio Solution File, Format Version 12.00
# Visual Studio 14
VisualStudioVersion = 14.0.24720.0
MinimumVisualStudioVersion = 10.0.40219.1
Project("{FAE04EC0-301F-11D3-BF4B-00C04F79EFBC}") = "Ship Fighters", "Ship Fighters\Ship Fighters.csproj", "{0403D29D-A07B-4B8F-B63E-24096ECA61FF}"
EndProject
Global
	GlobalSection(SolutionConfigurationPlatforms) = preSolution
		Debug|x86 = Debug|x86
		Release|x86 = Release|x86
	EndGlobalSection
	GlobalSection(ProjectConfigurationPlatforms) = postSolution
		{0403D29D-A07B-4B8F-B63E-24096ECA61FF}.Debug|x86.ActiveCfg = Debug|x86
		{0403D29D-A07B-4B8F-B63E-24096ECA61FF}.Debug|x86.Build.0 = Debug|x86
		{0403D29D-A07B-4B8F-B63E-24096ECA61FF}.Release|x86.ActiveCfg = Release|x86
		{0403D29D-A07B-4B8F-B63E-24096ECA61FF}.Release|x86.Build.0 = Release|x86
	EndGlobalSection
	GlobalSection(SolutionProperties) = preSolution
		HideSolutionNode = FALSE
	EndGlobalSection
EndGlobal
